
Microsoft Visual Studio Solution File, Format Version 12.00
# Visual Studio Version 17
VisualStudioVersion = 17.8.34330.188
MinimumVisualStudioVersion = 10.0.40219.1
Project("{FAE04EC0-301F-11D3-BF4B-00C04F79EFBC}") = "UltimateOrb.TruncatedFloatingPoints", "UltimateOrb.TruncatedFloatingPoints\UltimateOrb.TruncatedFloatingPoints.csproj", "{791C4BBB-9C80-499C-B39C-9E56CCEBED83}"
EndProject
Project("{FAE04EC0-301F-11D3-BF4B-00C04F79EFBC}") = "UltimateOrb.TruncatedFloatingPoints.Tests.ConsoleApp1", "UltimateOrb.TruncatedFloatingPoints.Tests.ConsoleApp1\UltimateOrb.TruncatedFloatingPoints.Tests.ConsoleApp1.csproj", "{4738B154-8D93-41F8-BC08-097B0C43A404}"
EndProject
Global
	GlobalSection(SolutionConfigurationPlatforms) = preSolution
		Debug|Any CPU = Debug|Any CPU
		Release|Any CPU = Release|Any CPU
	EndGlobalSection
	GlobalSection(ProjectConfigurationPlatforms) = postSolution
		{791C4BBB-9C80-499C-B39C-9E56CCEBED83}.Debug|Any CPU.ActiveCfg = Debug|Any CPU
		{791C4BBB-9C80-499C-B39C-9E56CCEBED83}.Debug|Any CPU.Build.0 = Debug|Any CPU
		{791C4BBB-9C80-499C-B39C-9E56CCEBED83}.Release|Any CPU.ActiveCfg = Release|Any CPU
		{791C4BBB-9C80-499C-B39C-9E56CCEBED83}.Release|Any CPU.Build.0 = Release|Any CPU
		{4738B154-8D93-41F8-BC08-097B0C43A404}.Debug|Any CPU.ActiveCfg = Debug|Any CPU
		{4738B154-8D93-41F8-BC08-097B0C43A404}.Debug|Any CPU.Build.0 = Debug|Any CPU
		{4738B154-8D93-41F8-BC08-097B0C43A404}.Release|Any CPU.ActiveCfg = Release|Any CPU
		{4738B154-8D93-41F8-BC08-097B0C43A404}.Release|Any CPU.Build.0 = Release|Any CPU
	EndGlobalSection
	GlobalSection(SolutionProperties) = preSolution
		HideSolutionNode = FALSE
	EndGlobalSection
	GlobalSection(ExtensibilityGlobals) = postSolution
		SolutionGuid = {29927C2C-E5EA-4F49-AFDB-D22583219824}
	EndGlobalSection
EndGlobal
